
Microsoft Visual Studio Solution File, Format Version 12.00
# Visual Studio 15
VisualStudioVersion = 15.0.28307.271
MinimumVisualStudioVersion = 10.0.40219.1
Project("{8BC9CEB8-8B4A-11D0-8D11-00A0C91BC942}") = "LP_Lab04", "LP_Lab04\LP_Lab04.vcxproj", "{81FB9601-FD0D-40E2-8B25-B32D6EFE9B2B}"
EndProject
Global
	GlobalSection(SolutionConfigurationPlatforms) = preSolution
		Debug|x64 = Debug|x64
		Debug|x86 = Debug|x86
		Release|x64 = Release|x64
		Release|x86 = Release|x86
	EndGlobalSection
	GlobalSection(ProjectConfigurationPlatforms) = postSolution
		{81FB9601-FD0D-40E2-8B25-B32D6EFE9B2B}.Debug|x64.ActiveCfg = Debug|x64
		{81FB9601-FD0D-40E2-8B25-B32D6EFE9B2B}.Debug|x64.Build.0 = Debug|x64
		{81FB9601-FD0D-40E2-8B25-B32D6EFE9B2B}.Debug|x86.ActiveCfg = Debug|Win32
		{81FB9601-FD0D-40E2-8B25-B32D6EFE9B2B}.Debug|x86.Build.0 = Debug|Win32
		{81FB9601-FD0D-40E2-8B25-B32D6EFE9B2B}.Release|x64.ActiveCfg = Release|x64
		{81FB9601-FD0D-40E2-8B25-B32D6EFE9B2B}.Release|x64.Build.0 = Release|x64
		{81FB9601-FD0D-40E2-8B25-B32D6EFE9B2B}.Release|x86.ActiveCfg = Release|Win32
		{81FB9601-FD0D-40E2-8B25-B32D6EFE9B2B}.Release|x86.Build.0 = Release|Win32
	EndGlobalSection
	GlobalSection(SolutionProperties) = preSolution
		HideSolutionNode = FALSE
	EndGlobalSection
	GlobalSection(ExtensibilityGlobals) = postSolution
		SolutionGuid = {5357BEE3-06CD-4D57-B3BA-9FC1D1586626}
	EndGlobalSection
EndGlobal
